
Microsoft Visual Studio Solution File, Format Version 12.00
# Visual Studio 15
VisualStudioVersion = 15.0.28307.572
MinimumVisualStudioVersion = 10.0.40219.1
Project("{FAE04EC0-301F-11D3-BF4B-00C04F79EFBC}") = "BitTorrentProtocol", "BitTorrentProtocol\BitTorrentProtocol.csproj", "{64033B82-23DF-4C10-9311-23BA8E344A2B}"
EndProject
Project("{FAE04EC0-301F-11D3-BF4B-00C04F79EFBC}") = "BitTorrentProtocol.Tests", "BitTorrentProtocol.Tests\BitTorrentProtocol.Tests.csproj", "{08AC2418-5364-48B0-9C8A-FBDFAED180D3}"
EndProject
Global
	GlobalSection(SolutionConfigurationPlatforms) = preSolution
		Debug|Any CPU = Debug|Any CPU
		Release|Any CPU = Release|Any CPU
	EndGlobalSection
	GlobalSection(ProjectConfigurationPlatforms) = postSolution
		{64033B82-23DF-4C10-9311-23BA8E344A2B}.Debug|Any CPU.ActiveCfg = Debug|Any CPU
		{64033B82-23DF-4C10-9311-23BA8E344A2B}.Debug|Any CPU.Build.0 = Debug|Any CPU
		{64033B82-23DF-4C10-9311-23BA8E344A2B}.Release|Any CPU.ActiveCfg = Release|Any CPU
		{64033B82-23DF-4C10-9311-23BA8E344A2B}.Release|Any CPU.Build.0 = Release|Any CPU
		{08AC2418-5364-48B0-9C8A-FBDFAED180D3}.Debug|Any CPU.ActiveCfg = Debug|Any CPU
		{08AC2418-5364-48B0-9C8A-FBDFAED180D3}.Debug|Any CPU.Build.0 = Debug|Any CPU
		{08AC2418-5364-48B0-9C8A-FBDFAED180D3}.Release|Any CPU.ActiveCfg = Release|Any CPU
		{08AC2418-5364-48B0-9C8A-FBDFAED180D3}.Release|Any CPU.Build.0 = Release|Any CPU
	EndGlobalSection
	GlobalSection(SolutionProperties) = preSolution
		HideSolutionNode = FALSE
	EndGlobalSection
	GlobalSection(ExtensibilityGlobals) = postSolution
		SolutionGuid = {E1A57218-51A2-4085-8FD9-050A9EAF63E5}
	EndGlobalSection
EndGlobal
